// !$*UTF8*$!
{
	archiveVersion = 1;
	classes = {
	};
	objectVersion = 46;
	objects = {

/* Begin PBXBuildFile section */
		4DC3A3C91E0108A000609516 /* AppDelegate.swift in Sources */ = {isa = PBXBuildFile; fileRef = 4DC3A3C81E0108A000609516 /* AppDelegate.swift */; };
		4DC3A3CB1E0108A000609516 /* ViewController.swift in Sources */ = {isa = PBXBuildFile; fileRef = 4DC3A3CA1E0108A000609516 /* ViewController.swift */; };
		4DC3A3CE1E0108A000609516 /* Main.storyboard in Resources */ = {isa = PBXBuildFile; fileRef = 4DC3A3CC1E0108A000609516 /* Main.storyboard */; };
		4DC3A3D11E0108A000609516 /* ApplePayWithStripe.xcdatamodeld in Sources */ = {isa = PBXBuildFile; fileRef = 4DC3A3CF1E0108A000609516 /* ApplePayWithStripe.xcdatamodeld */; };
		4DC3A3D31E0108A000609516 /* Assets.xcassets in Resources */ = {isa = PBXBuildFile; fileRef = 4DC3A3D21E0108A000609516 /* Assets.xcassets */; };
		4DC3A3D61E0108A000609516 /* LaunchScreen.storyboard in Resources */ = {isa = PBXBuildFile; fileRef = 4DC3A3D41E0108A000609516 /* LaunchScreen.storyboard */; };
/* End PBXBuildFile section */

/* Begin PBXFileReference section */
		4DC3A3C51E0108A000609516 /* ApplePayWithStripe.app */ = {isa = PBXFileReference; explicitFileType = wrapper.application; includeInIndex = 0; path = ApplePayWithStripe.app; sourceTree = BUILT_PRODUCTS_DIR; };
		4DC3A3C81E0108A000609516 /* AppDelegate.swift */ = {isa = PBXFileReference; lastKnownFileType = sourcecode.swift; path = AppDelegate.swift; sourceTree = "<group>"; };
		4DC3A3CA1E0108A000609516 /* ViewController.swift */ = {isa = PBXFileReference; lastKnownFileType = sourcecode.swift; path = ViewController.swift; sourceTree = "<group>"; };
		4DC3A3CD1E0108A000609516 /* Base */ = {isa = PBXFileReference; lastKnownFileType = file.storyboard; name = Base; path = Base.lproj/Main.storyboard; sourceTree = "<group>"; };
		4DC3A3D01E0108A000609516 /* ApplePayWithStripe.xcdatamodel */ = {isa = PBXFileReference; lastKnownFileType = wrapper.xcdatamodel; path = ApplePayWithStripe.xcdatamodel; sourceTree = "<group>"; };
		4DC3A3D21E0108A000609516 /* Assets.xcassets */ = {isa = PBXFileReference; lastKnownFileType = folder.assetcatalog; path = Assets.xcassets; sourceTree = "<group>"; };
		4DC3A3D51E0108A000609516 /* Base */ = {isa = PBXFileReference; lastKnownFileType = file.storyboard; name = Base; path = Base.lproj/LaunchScreen.storyboard; sourceTree = "<group>"; };
		4DC3A3D71E0108A000609516 /* Info.plist */ = {isa = PBXFileReference; lastKnownFileType = text.plist.xml; path = Info.plist; sourceTree = "<group>"; };
		4DC3A3DD1E0108EF00609516 /* ApplePayWithStripe.entitlements */ = {isa = PBXFileReference; lastKnownFileType = text.xml; path = ApplePayWithStripe.entitlements; sourceTree = "<group>"; };
/* End PBXFileReference section */

/* Begin PBXFrameworksBuildPhase section */
		4DC3A3C21E0108A000609516 /* Frameworks */ = {
			isa = PBXFrameworksBuildPhase;
			buildActionMask = 2147483647;
			files = (
			);
			runOnlyForDeploymentPostprocessing = 0;
		};
/* End PBXFrameworksBuildPhase section */

/* Begin PBXGroup section */
		4DC3A3BC1E0108A000609516 = {
			isa = PBXGroup;
			children = (
				4DC3A3C71E0108A000609516 /* ApplePayWithStripe */,
				4DC3A3C61E0108A000609516 /* Products */,
			);
			sourceTree = "<group>";
		};
		4DC3A3C61E0108A000609516 /* Products */ = {
			isa = PBXGroup;
			children = (
				4DC3A3C51E0108A000609516 /* ApplePayWithStripe.app */,
			);
			name = Products;
			sourceTree = "<group>";
		};
		4DC3A3C71E0108A000609516 /* ApplePayWithStripe */ = {
			isa = PBXGroup;
			children = (
				4DC3A3DD1E0108EF00609516 /* ApplePayWithStripe.entitlements */,
				4DC3A3C81E0108A000609516 /* AppDelegate.swift */,
				4DC3A3CA1E0108A000609516 /* ViewController.swift */,
				4DC3A3CC1E0108A000609516 /* Main.storyboard */,
				4DC3A3D21E0108A000609516 /* Assets.xcassets */,
				4DC3A3D41E0108A000609516 /* LaunchScreen.storyboard */,
				4DC3A3D71E0108A000609516 /* Info.plist */,
				4DC3A3CF1E0108A000609516 /* ApplePayWithStripe.xcdatamodeld */,
			);
			path = ApplePayWithStripe;
			sourceTree = "<group>";
		};
/* End PBXGroup section */

/* Begin PBXNativeTarget section */
		4DC3A3C41E0108A000609516 /* ApplePayWithStripe */ = {
			isa = PBXNativeTarget;
			buildConfigurationList = 4DC3A3DA1E0108A000609516 /* Build configuration list for PBXNativeTarget "ApplePayWithStripe" */;
			buildPhases = (
				4DC3A3C11E0108A000609516 /* Sources */,
				4DC3A3C21E0108A000609516 /* Frameworks */,
				4DC3A3C31E0108A000609516 /* Resources */,
			);
			buildRules = (
			);
			dependencies = (
			);
			name = ApplePayWithStripe;
			productName = ApplePayWithStripe;
			productReference = 4DC3A3C51E0108A000609516 /* ApplePayWithStripe.app */;
			productType = "com.apple.product-type.application";
		};
/* End PBXNativeTarget section */

/* Begin PBXProject section */
		4DC3A3BD1E0108A000609516 /* Project object */ = {
			isa = PBXProject;
			attributes = {
				LastSwiftUpdateCheck = 0730;
				LastUpgradeCheck = 0730;
				ORGANIZATIONNAME = ahmedHigherVisibility;
				TargetAttributes = {
					4DC3A3C41E0108A000609516 = {
						CreatedOnToolsVersion = 7.3;
						DevelopmentTeam = 8GWSL85966;
						SystemCapabilities = {
							com.apple.OMC = {
								enabled = 1;
							};
						};
					};
				};
			};
			buildConfigurationList = 4DC3A3C01E0108A000609516 /* Build configuration list for PBXProject "ApplePayWithStripe" */;
			compatibilityVersion = "Xcode 3.2";
			developmentRegion = English;
			hasScannedForEncodings = 0;
			knownRegions = (
				en,
				Base,
			);
			mainGroup = 4DC3A3BC1E0108A000609516;
			productRefGroup = 4DC3A3C61E0108A000609516 /* Products */;
			projectDirPath = "";
			projectRoot = "";
			targets = (
				4DC3A3C41E0108A000609516 /* ApplePayWithStripe */,
			);
		};
/* End PBXProject section */

/* Begin PBXResourcesBuildPhase section */
		4DC3A3C31E0108A000609516 /* Resources */ = {
			isa = PBXResourcesBuildPhase;
			buildActionMask = 2147483647;
			files = (
				4DC3A3D61E0108A000609516 /* LaunchScreen.storyboard in Resources */,
				4DC3A3D31E0108A000609516 /* Assets.xcassets in Resources */,
				4DC3A3CE1E0108A000609516 /* Main.storyboard in Resources */,
			);
			runOnlyForDeploymentPostprocessing = 0;
		};
/* End PBXResourcesBuildPhase section */

/* Begin PBXSourcesBuildPhase section */
		4DC3A3C11E0108A000609516 /* Sources */ = {
			isa = PBXSourcesBuildPhase;
			buildActionMask = 2147483647;
			files = (
				4DC3A3CB1E0108A000609516 /* ViewController.swift in Sources */,
				4DC3A3D11E0108A000609516 /* ApplePayWithStripe.xcdatamodeld in Sources */,
				4DC3A3C91E0108A000609516 /* AppDelegate.swift in Sources */,
			);
			runOnlyForDeploymentPostprocessing = 0;
		};
/* End PBXSourcesBuildPhase section */

/* Begin PBXVariantGroup section */
		4DC3A3CC1E0108A000609516 /* Main.storyboard */ = {
			isa = PBXVariantGroup;
			children = (
				4DC3A3CD1E0108A000609516 /* Base */,
			);
			name = Main.storyboard;
			sourceTree = "<group>";
		};
		4DC3A3D41E0108A000609516 /* LaunchScreen.storyboard */ = {
			isa = PBXVariantGroup;
			children = (
				4DC3A3D51E0108A000609516 /* Base */,
			);
			name = LaunchScreen.storyboard;
			sourceTree = "<group>";
		};
/* End PBXVariantGroup section */

/* Begin XCBuildConfiguration section */
		4DC3A3D81E0108A000609516 /* Debug */ = {
			isa = XCBuildConfiguration;
			buildSettings = {
				ALWAYS_SEARCH_USER_PATHS = NO;
				CLANG_ANALYZER_NONNULL = YES;
				CLANG_CXX_LANGUAGE_STANDARD = "gnu++0x";
				CLANG_CXX_LIBRARY = "libc++";
				CLANG_ENABLE_MODULES = YES;
				CLANG_ENABLE_OBJC_ARC = YES;
				CLANG_WARN_BOOL_CONVERSION = YES;
				CLANG_WARN_CONSTANT_CONVERSION = YES;
				CLANG_WARN_DIRECT_OBJC_ISA_USAGE = YES_ERROR;
				CLANG_WARN_EMPTY_BODY = YES;
				CLANG_WARN_ENUM_CONVERSION = YES;
				CLANG_WARN_INT_CONVERSION = YES;
				CLANG_WARN_OBJC_ROOT_CLASS = YES_ERROR;
				CLANG_WARN_UNREACHABLE_CODE = YES;
				CLANG_WARN__DUPLICATE_METHOD_MATCH = YES;
				"CODE_SIGN_IDENTITY[sdk=iphoneos*]" = "iPhone Developer";
				COPY_PHASE_STRIP = NO;
				DEBUG_INFORMATION_FORMAT = dwarf;
				ENABLE_STRICT_OBJC_MSGSEND = YES;
				ENABLE_TESTABILITY = YES;
				GCC_C_LANGUAGE_STANDARD = gnu99;
				GCC_DYNAMIC_NO_PIC = NO;
				GCC_NO_COMMON_BLOCKS = YES;
				GCC_OPTIMIZATION_LEVEL = 0;
				GCC_PREPROCESSOR_DEFINITIONS = (
					"DEBUG=1",
					"$(inherited)",
				);
				GCC_WARN_64_TO_32_BIT_CONVERSION = YES;
				GCC_WARN_ABOUT_RETURN_TYPE = YES_ERROR;
				GCC_WARN_UNDECLARED_SELECTOR = YES;
				GCC_WARN_UNINITIALIZED_AUTOS = YES_AGGRESSIVE;
				GCC_WARN_UNUSED_FUNCTION = YES;
				GCC_WARN_UNUSED_VARIABLE = YES;
				IPHONEOS_DEPLOYMENT_TARGET = 9.3;
				MTL_ENABLE_DEBUG_INFO = YES;
				ONLY_ACTIVE_ARCH = YES;
				SDKROOT = iphoneos;
				SWIFT_OPTIMIZATION_LEVEL = "-Onone";
			};
			name = Debug;
		};
		4DC3A3D91E0108A000609516 /* Release */ = {
			isa = XCBuildConfiguration;
			buildSettings = {
				ALWAYS_SEARCH_USER_PATHS = NO;
				CLANG_ANALYZER_NONNULL = YES;
				CLANG_CXX_LANGUAGE_STANDARD = "gnu++0x";
				CLANG_CXX_LIBRARY = "libc++";
				CLANG_ENABLE_MODULES = YES;
				CLANG_ENABLE_OBJC_ARC = YES;
				CLANG_WARN_BOOL_CONVERSION = YES;
				CLANG_WARN_CONSTANT_CONVERSION = YES;
				CLANG_WARN_DIRECT_OBJC_ISA_USAGE = YES_ERROR;
				CLANG_WARN_EMPTY_BODY = YES;
				CLANG_WARN_ENUM_CONVERSION = YES;
				CLANG_WARN_INT_CONVERSION = YES;
				CLANG_WARN_OBJC_ROOT_CLASS = YES_ERROR;
				CLANG_WARN_UNREACHABLE_CODE = YES;
				CLANG_WARN__DUPLICATE_METHOD_MATCH = YES;
				"CODE_SIGN_IDENTITY[sdk=iphoneos*]" = "iPhone Developer";
				COPY_PHASE_STRIP = NO;
				DEBUG_INFORMATION_FORMAT = "dwarf-with-dsym";
				ENABLE_NS_ASSERTIONS = NO;
				ENABLE_STRICT_OBJC_MSGSEND = YES;
				GCC_C_LANGUAGE_STANDARD = gnu99;
				GCC_NO_COMMON_BLOCKS = YES;
				GCC_WARN_64_TO_32_BIT_CONVERSION = YES;
				GCC_WARN_ABOUT_RETURN_TYPE = YES_ERROR;
				GCC_WARN_UNDECLARED_SELECTOR = YES;
				GCC_WARN_UNINITIALIZED_AUTOS = YES_AGGRESSIVE;
				GCC_WARN_UNUSED_FUNCTION = YES;
				GCC_WARN_UNUSED_VARIABLE = YES;
				IPHONEOS_DEPLOYMENT_TARGET = 9.3;
				MTL_ENABLE_DEBUG_INFO = NO;
				SDKROOT = iphoneos;
				VALIDATE_PRODUCT = YES;
			};
			name = Release;
		};
		4DC3A3DB1E0108A000609516 /* Debug */ = {
			isa = XCBuildConfiguration;
			buildSettings = {
				ASSETCATALOG_COMPILER_APPICON_NAME = AppIcon;
				CODE_SIGN_ENTITLEMENTS = ApplePayWithStripe/ApplePayWithStripe.entitlements;
				INFOPLIST_FILE = ApplePayWithStripe/Info.plist;
				LD_RUNPATH_SEARCH_PATHS = "$(inherited) @executable_path/Frameworks";
				PRODUCT_BUNDLE_IDENTIFIER = com.HigherVisibility.ApplePayWithStripe;
				PRODUCT_NAME = "$(TARGET_NAME)";
			};
			name = Debug;
		};
		4DC3A3DC1E0108A000609516 /* Release */ = {
			isa = XCBuildConfiguration;
			buildSettings = {
				ASSETCATALOG_COMPILER_APPICON_NAME = AppIcon;
				CODE_SIGN_ENTITLEMENTS = ApplePayWithStripe/ApplePayWithStripe.entitlements;
				INFOPLIST_FILE = ApplePayWithStripe/Info.plist;
				LD_RUNPATH_SEARCH_PATHS = "$(inherited) @executable_path/Frameworks";
				PRODUCT_BUNDLE_IDENTIFIER = com.HigherVisibility.ApplePayWithStripe;
				PRODUCT_NAME = "$(TARGET_NAME)";
			};
			name = Release;
		};
/* End XCBuildConfiguration section */

/* Begin XCConfigurationList section */
		4DC3A3C01E0108A000609516 /* Build configuration list for PBXProject "ApplePayWithStripe" */ = {
			isa = XCConfigurationList;
			buildConfigurations = (
				4DC3A3D81E0108A000609516 /* Debug */,
				4DC3A3D91E0108A000609516 /* Release */,
			);
			defaultConfigurationIsVisible = 0;
			defaultConfigurationName = Release;
		};
		4DC3A3DA1E0108A000609516 /* Build configuration list for PBXNativeTarget "ApplePayWithStripe" */ = {
			isa = XCConfigurationList;
			buildConfigurations = (
				4DC3A3DB1E0108A000609516 /* Debug */,
				4DC3A3DC1E0108A000609516 /* Release */,
			);
			defaultConfigurationIsVisible = 0;
			defaultConfigurationName = Release;
		};
/* End XCConfigurationList section */

/* Begin XCVersionGroup section */
		4DC3A3CF1E0108A000609516 /* ApplePayWithStripe.xcdatamodeld */ = {
			isa = XCVersionGroup;
			children = (
				4DC3A3D01E0108A000609516 /* ApplePayWithStripe.xcdatamodel */,
			);
			currentVersion = 4DC3A3D01E0108A000609516 /* ApplePayWithStripe.xcdatamodel */;
			path = ApplePayWithStripe.xcdatamodeld;
			sourceTree = "<group>";
			versionGroupType = wrapper.xcdatamodel;
		};
/* End XCVersionGroup section */
	};
	rootObject = 4DC3A3BD1E0108A000609516 /* Project object */;
}
